
Microsoft Visual Studio Solution File, Format Version 12.00
# Visual Studio Version 16
VisualStudioVersion = 16.0.30907.101
MinimumVisualStudioVersion = 10.0.40219.1
Project("{FAE04EC0-301F-11D3-BF4B-00C04F79EFBC}") = "MLNET_WinForms", "MLNET_WinForms\MLNET_WinForms.csproj", "{4BA4ED16-6DEB-412D-B24F-C6D590E1FF64}"
EndProject
Global
	GlobalSection(SolutionConfigurationPlatforms) = preSolution
		Debug|Any CPU = Debug|Any CPU
		Release|Any CPU = Release|Any CPU
	EndGlobalSection
	GlobalSection(ProjectConfigurationPlatforms) = postSolution
		{4BA4ED16-6DEB-412D-B24F-C6D590E1FF64}.Debug|Any CPU.ActiveCfg = Debug|Any CPU
		{4BA4ED16-6DEB-412D-B24F-C6D590E1FF64}.Debug|Any CPU.Build.0 = Debug|Any CPU
		{4BA4ED16-6DEB-412D-B24F-C6D590E1FF64}.Release|Any CPU.ActiveCfg = Release|Any CPU
		{4BA4ED16-6DEB-412D-B24F-C6D590E1FF64}.Release|Any CPU.Build.0 = Release|Any CPU
	EndGlobalSection
	GlobalSection(SolutionProperties) = preSolution
		HideSolutionNode = FALSE
	EndGlobalSection
	GlobalSection(ExtensibilityGlobals) = postSolution
		SolutionGuid = {F7D70D26-66E4-4EC6-ACA4-781A666FBA4D}
	EndGlobalSection
EndGlobal
